// !$*UTF8*$!
{
	archiveVersion = 1;
	classes = {
	};
	objectVersion = 46;
	objects = {

/* Begin PBXBuildFile section */
		7E076E5C1AAB8ADE00E8322A /* AppDelegate.m in Sources */ = {isa = PBXBuildFile; fileRef = 7E076E5B1AAB8ADE00E8322A /* AppDelegate.m */; };
		7E076E5E1AAB8ADE00E8322A /* main.m in Sources */ = {isa = PBXBuildFile; fileRef = 7E076E5D1AAB8ADE00E8322A /* main.m */; };
		7E076E601AAB8ADE00E8322A /* Images.xcassets in Resources */ = {isa = PBXBuildFile; fileRef = 7E076E5F1AAB8ADE00E8322A /* Images.xcassets */; };
		7E076E631AAB8ADE00E8322A /* MainMenu.xib in Resources */ = {isa = PBXBuildFile; fileRef = 7E076E611AAB8ADE00E8322A /* MainMenu.xib */; };
		7E076E6F1AAB8ADE00E8322A /* SproxTests.m in Sources */ = {isa = PBXBuildFile; fileRef = 7E076E6E1AAB8ADE00E8322A /* SproxTests.m */; };
		7E696B6C1AFF9CC500E6145B /* SetupView.m in Sources */ = {isa = PBXBuildFile; fileRef = 7E696B6B1AFF9CC500E6145B /* SetupView.m */; };
		7EAE78FC1B00F4B400BF3BA6 /* QuartzCore.framework in Frameworks */ = {isa = PBXBuildFile; fileRef = 7EAE78FB1B00F4B400BF3BA6 /* QuartzCore.framework */; };
		7EFC3C571AABF8E000AF1896 /* SSKeychain.m in Sources */ = {isa = PBXBuildFile; fileRef = 7EFC3C541AABF8E000AF1896 /* SSKeychain.m */; };
		7EFC3C581AABF8E000AF1896 /* SSKeychainQuery.m in Sources */ = {isa = PBXBuildFile; fileRef = 7EFC3C561AABF8E000AF1896 /* SSKeychainQuery.m */; };
		7EFC3C5A1AABF90C00AF1896 /* Security.framework in Frameworks */ = {isa = PBXBuildFile; fileRef = 7EFC3C591AABF90C00AF1896 /* Security.framework */; };
/* End PBXBuildFile section */

/* Begin PBXContainerItemProxy section */
		7E076E691AAB8ADE00E8322A /* PBXContainerItemProxy */ = {
			isa = PBXContainerItemProxy;
			containerPortal = 7E076E4D1AAB8ADE00E8322A /* Project object */;
			proxyType = 1;
			remoteGlobalIDString = 7E076E541AAB8ADE00E8322A;
			remoteInfo = Sprox;
		};
/* End PBXContainerItemProxy section */

/* Begin PBXFileReference section */
		7E076E551AAB8ADE00E8322A /* Sprox.app */ = {isa = PBXFileReference; explicitFileType = wrapper.application; includeInIndex = 0; path = Sprox.app; sourceTree = BUILT_PRODUCTS_DIR; };
		7E076E591AAB8ADE00E8322A /* Info.plist */ = {isa = PBXFileReference; lastKnownFileType = text.plist.xml; path = Info.plist; sourceTree = "<group>"; };
		7E076E5A1AAB8ADE00E8322A /* AppDelegate.h */ = {isa = PBXFileReference; lastKnownFileType = sourcecode.c.h; path = AppDelegate.h; sourceTree = "<group>"; };
		7E076E5B1AAB8ADE00E8322A /* AppDelegate.m */ = {isa = PBXFileReference; lastKnownFileType = sourcecode.c.objc; path = AppDelegate.m; sourceTree = "<group>"; };
		7E076E5D1AAB8ADE00E8322A /* main.m */ = {isa = PBXFileReference; lastKnownFileType = sourcecode.c.objc; path = main.m; sourceTree = "<group>"; };
		7E076E5F1AAB8ADE00E8322A /* Images.xcassets */ = {isa = PBXFileReference; lastKnownFileType = folder.assetcatalog; path = Images.xcassets; sourceTree = "<group>"; };
		7E076E621AAB8ADE00E8322A /* Base */ = {isa = PBXFileReference; lastKnownFileType = file.xib; name = Base; path = Base.lproj/MainMenu.xib; sourceTree = "<group>"; };
		7E076E681AAB8ADE00E8322A /* SproxTests.xctest */ = {isa = PBXFileReference; explicitFileType = wrapper.cfbundle; includeInIndex = 0; path = SproxTests.xctest; sourceTree = BUILT_PRODUCTS_DIR; };
		7E076E6D1AAB8ADE00E8322A /* Info.plist */ = {isa = PBXFileReference; lastKnownFileType = text.plist.xml; path = Info.plist; sourceTree = "<group>"; };
		7E076E6E1AAB8ADE00E8322A /* SproxTests.m */ = {isa = PBXFileReference; lastKnownFileType = sourcecode.c.objc; path = SproxTests.m; sourceTree = "<group>"; };
		7E696B6A1AFF9CC500E6145B /* SetupView.h */ = {isa = PBXFileReference; fileEncoding = 4; lastKnownFileType = sourcecode.c.h; name = SetupView.h; path = ../SetupView.h; sourceTree = "<group>"; };
		7E696B6B1AFF9CC500E6145B /* SetupView.m */ = {isa = PBXFileReference; fileEncoding = 4; lastKnownFileType = sourcecode.c.objc; name = SetupView.m; path = ../SetupView.m; sourceTree = "<group>"; };
		7EAE78FB1B00F4B400BF3BA6 /* QuartzCore.framework */ = {isa = PBXFileReference; lastKnownFileType = wrapper.framework; name = QuartzCore.framework; path = System/Library/Frameworks/QuartzCore.framework; sourceTree = SDKROOT; };
		7EFC3C531AABF8E000AF1896 /* SSKeychain.h */ = {isa = PBXFileReference; fileEncoding = 4; lastKnownFileType = sourcecode.c.h; path = SSKeychain.h; sourceTree = "<group>"; };
		7EFC3C541AABF8E000AF1896 /* SSKeychain.m */ = {isa = PBXFileReference; fileEncoding = 4; lastKnownFileType = sourcecode.c.objc; path = SSKeychain.m; sourceTree = "<group>"; };
		7EFC3C551AABF8E000AF1896 /* SSKeychainQuery.h */ = {isa = PBXFileReference; fileEncoding = 4; lastKnownFileType = sourcecode.c.h; path = SSKeychainQuery.h; sourceTree = "<group>"; };
		7EFC3C561AABF8E000AF1896 /* SSKeychainQuery.m */ = {isa = PBXFileReference; fileEncoding = 4; lastKnownFileType = sourcecode.c.objc; path = SSKeychainQuery.m; sourceTree = "<group>"; };
		7EFC3C591AABF90C00AF1896 /* Security.framework */ = {isa = PBXFileReference; lastKnownFileType = wrapper.framework; name = Security.framework; path = System/Library/Frameworks/Security.framework; sourceTree = SDKROOT; };
/* End PBXFileReference section */

/* Begin PBXFrameworksBuildPhase section */
		7E076E521AAB8ADE00E8322A /* Frameworks */ = {
			isa = PBXFrameworksBuildPhase;
			buildActionMask = 2147483647;
			files = (
				7EAE78FC1B00F4B400BF3BA6 /* QuartzCore.framework in Frameworks */,
				7EFC3C5A1AABF90C00AF1896 /* Security.framework in Frameworks */,
			);
			runOnlyForDeploymentPostprocessing = 0;
		};
		7E076E651AAB8ADE00E8322A /* Frameworks */ = {
			isa = PBXFrameworksBuildPhase;
			buildActionMask = 2147483647;
			files = (
			);
			runOnlyForDeploymentPostprocessing = 0;
		};
/* End PBXFrameworksBuildPhase section */

/* Begin PBXGroup section */
		7E076E4C1AAB8ADE00E8322A = {
			isa = PBXGroup;
			children = (
				7E076E571AAB8ADE00E8322A /* Sprox */,
				7EAA94221AF6F5BB0036B4E2 /* Frameworks */,
				7E076E6B1AAB8ADE00E8322A /* SproxTests */,
				7E076E561AAB8ADE00E8322A /* Products */,
			);
			sourceTree = "<group>";
		};
		7E076E561AAB8ADE00E8322A /* Products */ = {
			isa = PBXGroup;
			children = (
				7E076E551AAB8ADE00E8322A /* Sprox.app */,
				7E076E681AAB8ADE00E8322A /* SproxTests.xctest */,
			);
			name = Products;
			sourceTree = "<group>";
		};
		7E076E571AAB8ADE00E8322A /* Sprox */ = {
			isa = PBXGroup;
			children = (
				7E076E5A1AAB8ADE00E8322A /* AppDelegate.h */,
				7E076E5B1AAB8ADE00E8322A /* AppDelegate.m */,
				7E696B6A1AFF9CC500E6145B /* SetupView.h */,
				7E696B6B1AFF9CC500E6145B /* SetupView.m */,
				7EFC3C531AABF8E000AF1896 /* SSKeychain.h */,
				7EFC3C541AABF8E000AF1896 /* SSKeychain.m */,
				7EFC3C551AABF8E000AF1896 /* SSKeychainQuery.h */,
				7EFC3C561AABF8E000AF1896 /* SSKeychainQuery.m */,
				7E076E5F1AAB8ADE00E8322A /* Images.xcassets */,
				7E076E611AAB8ADE00E8322A /* MainMenu.xib */,
				7E076E581AAB8ADE00E8322A /* Supporting Files */,
			);
			path = Sprox;
			sourceTree = "<group>";
		};
		7E076E581AAB8ADE00E8322A /* Supporting Files */ = {
			isa = PBXGroup;
			children = (
				7E076E591AAB8ADE00E8322A /* Info.plist */,
				7E076E5D1AAB8ADE00E8322A /* main.m */,
			);
			name = "Supporting Files";
			sourceTree = "<group>";
		};
		7E076E6B1AAB8ADE00E8322A /* SproxTests */ = {
			isa = PBXGroup;
			children = (
				7E076E6E1AAB8ADE00E8322A /* SproxTests.m */,
				7E076E6C1AAB8ADE00E8322A /* Supporting Files */,
			);
			path = SproxTests;
			sourceTree = "<group>";
		};
		7E076E6C1AAB8ADE00E8322A /* Supporting Files */ = {
			isa = PBXGroup;
			children = (
				7E076E6D1AAB8ADE00E8322A /* Info.plist */,
			);
			name = "Supporting Files";
			sourceTree = "<group>";
		};
		7EAA94221AF6F5BB0036B4E2 /* Frameworks */ = {
			isa = PBXGroup;
			children = (
				7EAE78FB1B00F4B400BF3BA6 /* QuartzCore.framework */,
				7EFC3C591AABF90C00AF1896 /* Security.framework */,
			);
			name = Frameworks;
			sourceTree = "<group>";
		};
/* End PBXGroup section */

/* Begin PBXNativeTarget section */
		7E076E541AAB8ADE00E8322A /* Sprox */ = {
			isa = PBXNativeTarget;
			buildConfigurationList = 7E076E721AAB8ADE00E8322A /* Build configuration list for PBXNativeTarget "Sprox" */;
			buildPhases = (
				7E076E511AAB8ADE00E8322A /* Sources */,
				7E076E521AAB8ADE00E8322A /* Frameworks */,
				7E076E531AAB8ADE00E8322A /* Resources */,
			);
			buildRules = (
			);
			dependencies = (
			);
			name = Sprox;
			productName = Sprox;
			productReference = 7E076E551AAB8ADE00E8322A /* Sprox.app */;
			productType = "com.apple.product-type.application";
		};
		7E076E671AAB8ADE00E8322A /* SproxTests */ = {
			isa = PBXNativeTarget;
			buildConfigurationList = 7E076E751AAB8ADE00E8322A /* Build configuration list for PBXNativeTarget "SproxTests" */;
			buildPhases = (
				7E076E641AAB8ADE00E8322A /* Sources */,
				7E076E651AAB8ADE00E8322A /* Frameworks */,
				7E076E661AAB8ADE00E8322A /* Resources */,
			);
			buildRules = (
			);
			dependencies = (
				7E076E6A1AAB8ADE00E8322A /* PBXTargetDependency */,
			);
			name = SproxTests;
			productName = SproxTests;
			productReference = 7E076E681AAB8ADE00E8322A /* SproxTests.xctest */;
			productType = "com.apple.product-type.bundle.unit-test";
		};
/* End PBXNativeTarget section */

/* Begin PBXProject section */
		7E076E4D1AAB8ADE00E8322A /* Project object */ = {
			isa = PBXProject;
			attributes = {
				LastUpgradeCheck = 0610;
				ORGANIZATIONNAME = "Cameron Wheeler";
				TargetAttributes = {
					7E076E541AAB8ADE00E8322A = {
						CreatedOnToolsVersion = 6.1.1;
					};
					7E076E671AAB8ADE00E8322A = {
						CreatedOnToolsVersion = 6.1.1;
						TestTargetID = 7E076E541AAB8ADE00E8322A;
					};
				};
			};
			buildConfigurationList = 7E076E501AAB8ADE00E8322A /* Build configuration list for PBXProject "Sprox" */;
			compatibilityVersion = "Xcode 3.2";
			developmentRegion = English;
			hasScannedForEncodings = 0;
			knownRegions = (
				en,
				Base,
			);
			mainGroup = 7E076E4C1AAB8ADE00E8322A;
			productRefGroup = 7E076E561AAB8ADE00E8322A /* Products */;
			projectDirPath = "";
			projectRoot = "";
			targets = (
				7E076E541AAB8ADE00E8322A /* Sprox */,
				7E076E671AAB8ADE00E8322A /* SproxTests */,
			);
		};
/* End PBXProject section */

/* Begin PBXResourcesBuildPhase section */
		7E076E531AAB8ADE00E8322A /* Resources */ = {
			isa = PBXResourcesBuildPhase;
			buildActionMask = 2147483647;
			files = (
				7E076E601AAB8ADE00E8322A /* Images.xcassets in Resources */,
				7E076E631AAB8ADE00E8322A /* MainMenu.xib in Resources */,
			);
			runOnlyForDeploymentPostprocessing = 0;
		};
		7E076E661AAB8ADE00E8322A /* Resources */ = {
			isa = PBXResourcesBuildPhase;
			buildActionMask = 2147483647;
			files = (
			);
			runOnlyForDeploymentPostprocessing = 0;
		};
/* End PBXResourcesBuildPhase section */

/* Begin PBXSourcesBuildPhase section */
		7E076E511AAB8ADE00E8322A /* Sources */ = {
			isa = PBXSourcesBuildPhase;
			buildActionMask = 2147483647;
			files = (
				7E696B6C1AFF9CC500E6145B /* SetupView.m in Sources */,
				7EFC3C581AABF8E000AF1896 /* SSKeychainQuery.m in Sources */,
				7E076E5E1AAB8ADE00E8322A /* main.m in Sources */,
				7E076E5C1AAB8ADE00E8322A /* AppDelegate.m in Sources */,
				7EFC3C571AABF8E000AF1896 /* SSKeychain.m in Sources */,
			);
			runOnlyForDeploymentPostprocessing = 0;
		};
		7E076E641AAB8ADE00E8322A /* Sources */ = {
			isa = PBXSourcesBuildPhase;
			buildActionMask = 2147483647;
			files = (
				7E076E6F1AAB8ADE00E8322A /* SproxTests.m in Sources */,
			);
			runOnlyForDeploymentPostprocessing = 0;
		};
/* End PBXSourcesBuildPhase section */

/* Begin PBXTargetDependency section */
		7E076E6A1AAB8ADE00E8322A /* PBXTargetDependency */ = {
			isa = PBXTargetDependency;
			target = 7E076E541AAB8ADE00E8322A /* Sprox */;
			targetProxy = 7E076E691AAB8ADE00E8322A /* PBXContainerItemProxy */;
		};
/* End PBXTargetDependency section */

/* Begin PBXVariantGroup section */
		7E076E611AAB8ADE00E8322A /* MainMenu.xib */ = {
			isa = PBXVariantGroup;
			children = (
				7E076E621AAB8ADE00E8322A /* Base */,
			);
			name = MainMenu.xib;
			sourceTree = "<group>";
		};
/* End PBXVariantGroup section */

/* Begin XCBuildConfiguration section */
		7E076E701AAB8ADE00E8322A /* Debug */ = {
			isa = XCBuildConfiguration;
			buildSettings = {
				ALWAYS_SEARCH_USER_PATHS = NO;
				CLANG_CXX_LANGUAGE_STANDARD = "gnu++0x";
				CLANG_CXX_LIBRARY = "libc++";
				CLANG_ENABLE_MODULES = YES;
				CLANG_ENABLE_OBJC_ARC = YES;
				CLANG_WARN_BOOL_CONVERSION = YES;
				CLANG_WARN_CONSTANT_CONVERSION = YES;
				CLANG_WARN_DIRECT_OBJC_ISA_USAGE = YES_ERROR;
				CLANG_WARN_EMPTY_BODY = YES;
				CLANG_WARN_ENUM_CONVERSION = YES;
				CLANG_WARN_INT_CONVERSION = YES;
				CLANG_WARN_OBJC_ROOT_CLASS = YES_ERROR;
				CLANG_WARN_UNREACHABLE_CODE = YES;
				CLANG_WARN__DUPLICATE_METHOD_MATCH = YES;
				CODE_SIGN_IDENTITY = "-";
				COPY_PHASE_STRIP = NO;
				ENABLE_STRICT_OBJC_MSGSEND = YES;
				GCC_C_LANGUAGE_STANDARD = gnu99;
				GCC_DYNAMIC_NO_PIC = NO;
				GCC_OPTIMIZATION_LEVEL = 0;
				GCC_PREPROCESSOR_DEFINITIONS = (
					"DEBUG=1",
					"$(inherited)",
				);
				GCC_SYMBOLS_PRIVATE_EXTERN = NO;
				GCC_WARN_64_TO_32_BIT_CONVERSION = YES;
				GCC_WARN_ABOUT_RETURN_TYPE = YES_ERROR;
				GCC_WARN_UNDECLARED_SELECTOR = YES;
				GCC_WARN_UNINITIALIZED_AUTOS = YES_AGGRESSIVE;
				GCC_WARN_UNUSED_FUNCTION = YES;
				GCC_WARN_UNUSED_VARIABLE = YES;
				MACOSX_DEPLOYMENT_TARGET = 10.10;
				MTL_ENABLE_DEBUG_INFO = YES;
				ONLY_ACTIVE_ARCH = YES;
				SDKROOT = macosx;
			};
			name = Debug;
		};
		7E076E711AAB8ADE00E8322A /* Release */ = {
			isa = XCBuildConfiguration;
			buildSettings = {
				ALWAYS_SEARCH_USER_PATHS = NO;
				CLANG_CXX_LANGUAGE_STANDARD = "gnu++0x";
				CLANG_CXX_LIBRARY = "libc++";
				CLANG_ENABLE_MODULES = YES;
				CLANG_ENABLE_OBJC_ARC = YES;
				CLANG_WARN_BOOL_CONVERSION = YES;
				CLANG_WARN_CONSTANT_CONVERSION = YES;
				CLANG_WARN_DIRECT_OBJC_ISA_USAGE = YES_ERROR;
				CLANG_WARN_EMPTY_BODY = YES;
				CLANG_WARN_ENUM_CONVERSION = YES;
				CLANG_WARN_INT_CONVERSION = YES;
				CLANG_WARN_OBJC_ROOT_CLASS = YES_ERROR;
				CLANG_WARN_UNREACHABLE_CODE = YES;
				CLANG_WARN__DUPLICATE_METHOD_MATCH = YES;
				CODE_SIGN_IDENTITY = "-";
				COPY_PHASE_STRIP = YES;
				DEBUG_INFORMATION_FORMAT = "dwarf-with-dsym";
				ENABLE_NS_ASSERTIONS = NO;
				ENABLE_STRICT_OBJC_MSGSEND = YES;
				GCC_C_LANGUAGE_STANDARD = gnu99;
				GCC_WARN_64_TO_32_BIT_CONVERSION = YES;
				GCC_WARN_ABOUT_RETURN_TYPE = YES_ERROR;
				GCC_WARN_UNDECLARED_SELECTOR = YES;
				GCC_WARN_UNINITIALIZED_AUTOS = YES_AGGRESSIVE;
				GCC_WARN_UNUSED_FUNCTION = YES;
				GCC_WARN_UNUSED_VARIABLE = YES;
				MACOSX_DEPLOYMENT_TARGET = 10.10;
				MTL_ENABLE_DEBUG_INFO = NO;
				SDKROOT = macosx;
			};
			name = Release;
		};
		7E076E731AAB8ADE00E8322A /* Debug */ = {
			isa = XCBuildConfiguration;
			buildSettings = {
				ASSETCATALOG_COMPILER_APPICON_NAME = AppIcon;
				COMBINE_HIDPI_IMAGES = YES;
				FRAMEWORK_SEARCH_PATHS = (
					"$(inherited)",
					"$(USER_LIBRARY_DIR)/Developer/Xcode/DerivedData/SocketIO-fwhplsmzyrgbwjdtdmqyottjwyzb/Build/Products/Debug",
					"$(PROJECT_DIR)",
				);
				INFOPLIST_FILE = Sprox/Info.plist;
				LD_RUNPATH_SEARCH_PATHS = "$(inherited) @executable_path/../Frameworks";
				PRODUCT_NAME = "$(TARGET_NAME)";
			};
			name = Debug;
		};
		7E076E741AAB8ADE00E8322A /* Release */ = {
			isa = XCBuildConfiguration;
			buildSettings = {
				ASSETCATALOG_COMPILER_APPICON_NAME = AppIcon;
				COMBINE_HIDPI_IMAGES = YES;
				FRAMEWORK_SEARCH_PATHS = (
					"$(inherited)",
					"$(USER_LIBRARY_DIR)/Developer/Xcode/DerivedData/SocketIO-fwhplsmzyrgbwjdtdmqyottjwyzb/Build/Products/Debug",
					"$(PROJECT_DIR)",
				);
				INFOPLIST_FILE = Sprox/Info.plist;
				LD_RUNPATH_SEARCH_PATHS = "$(inherited) @executable_path/../Frameworks";
				PRODUCT_NAME = "$(TARGET_NAME)";
			};
			name = Release;
		};
		7E076E761AAB8ADE00E8322A /* Debug */ = {
			isa = XCBuildConfiguration;
			buildSettings = {
				BUNDLE_LOADER = "$(TEST_HOST)";
				COMBINE_HIDPI_IMAGES = YES;
				FRAMEWORK_SEARCH_PATHS = (
					"$(DEVELOPER_FRAMEWORKS_DIR)",
					"$(inherited)",
				);
				GCC_PREPROCESSOR_DEFINITIONS = (
					"DEBUG=1",
					"$(inherited)",
				);
				INFOPLIST_FILE = SproxTests/Info.plist;
				LD_RUNPATH_SEARCH_PATHS = "$(inherited) @executable_path/../Frameworks @loader_path/../Frameworks";
				PRODUCT_NAME = "$(TARGET_NAME)";
				TEST_HOST = "$(BUILT_PRODUCTS_DIR)/Sprox.app/Contents/MacOS/Sprox";
			};
			name = Debug;
		};
		7E076E771AAB8ADE00E8322A /* Release */ = {
			isa = XCBuildConfiguration;
			buildSettings = {
				BUNDLE_LOADER = "$(TEST_HOST)";
				COMBINE_HIDPI_IMAGES = YES;
				FRAMEWORK_SEARCH_PATHS = (
					"$(DEVELOPER_FRAMEWORKS_DIR)",
					"$(inherited)",
				);
				INFOPLIST_FILE = SproxTests/Info.plist;
				LD_RUNPATH_SEARCH_PATHS = "$(inherited) @executable_path/../Frameworks @loader_path/../Frameworks";
				PRODUCT_NAME = "$(TARGET_NAME)";
				TEST_HOST = "$(BUILT_PRODUCTS_DIR)/Sprox.app/Contents/MacOS/Sprox";
			};
			name = Release;
		};
/* End XCBuildConfiguration section */

/* Begin XCConfigurationList section */
		7E076E501AAB8ADE00E8322A /* Build configuration list for PBXProject "Sprox" */ = {
			isa = XCConfigurationList;
			buildConfigurations = (
				7E076E701AAB8ADE00E8322A /* Debug */,
				7E076E711AAB8ADE00E8322A /* Release */,
			);
			defaultConfigurationIsVisible = 0;
			defaultConfigurationName = Release;
		};
		7E076E721AAB8ADE00E8322A /* Build configuration list for PBXNativeTarget "Sprox" */ = {
			isa = XCConfigurationList;
			buildConfigurations = (
				7E076E731AAB8ADE00E8322A /* Debug */,
				7E076E741AAB8ADE00E8322A /* Release */,
			);
			defaultConfigurationIsVisible = 0;
			defaultConfigurationName = Release;
		};
		7E076E751AAB8ADE00E8322A /* Build configuration list for PBXNativeTarget "SproxTests" */ = {
			isa = XCConfigurationList;
			buildConfigurations = (
				7E076E761AAB8ADE00E8322A /* Debug */,
				7E076E771AAB8ADE00E8322A /* Release */,
			);
			defaultConfigurationIsVisible = 0;
			defaultConfigurationName = Release;
		};
/* End XCConfigurationList section */
	};
	rootObject = 7E076E4D1AAB8ADE00E8322A /* Project object */;
}
